
Microsoft Visual Studio Solution File, Format Version 12.00
# Visual Studio Version 17
VisualStudioVersion = 17.7.34024.191
MinimumVisualStudioVersion = 10.0.40219.1
Project("{9A19103F-16F7-4668-BE54-9A1E7A4F7556}") = "ShogiLogic", "ShogiLogic\ShogiLogic.csproj", "{60C97E29-C299-47EF-8E95-F2AC9F4EF5AF}"
EndProject
Project("{FAE04EC0-301F-11D3-BF4B-00C04F79EFBC}") = "ShogiUI", "ShogiUI\ShogiUI.csproj", "{9AFB31B9-BFBA-4682-AEF1-28D932E4B733}"
EndProject
Global
	GlobalSection(SolutionConfigurationPlatforms) = preSolution
		Debug|Any CPU = Debug|Any CPU
		Release|Any CPU = Release|Any CPU
	EndGlobalSection
	GlobalSection(ProjectConfigurationPlatforms) = postSolution
		{60C97E29-C299-47EF-8E95-F2AC9F4EF5AF}.Debug|Any CPU.ActiveCfg = Debug|Any CPU
		{60C97E29-C299-47EF-8E95-F2AC9F4EF5AF}.Debug|Any CPU.Build.0 = Debug|Any CPU
		{60C97E29-C299-47EF-8E95-F2AC9F4EF5AF}.Release|Any CPU.ActiveCfg = Release|Any CPU
		{60C97E29-C299-47EF-8E95-F2AC9F4EF5AF}.Release|Any CPU.Build.0 = Release|Any CPU
		{9AFB31B9-BFBA-4682-AEF1-28D932E4B733}.Debug|Any CPU.ActiveCfg = Debug|Any CPU
		{9AFB31B9-BFBA-4682-AEF1-28D932E4B733}.Debug|Any CPU.Build.0 = Debug|Any CPU
		{9AFB31B9-BFBA-4682-AEF1-28D932E4B733}.Release|Any CPU.ActiveCfg = Release|Any CPU
		{9AFB31B9-BFBA-4682-AEF1-28D932E4B733}.Release|Any CPU.Build.0 = Release|Any CPU
	EndGlobalSection
	GlobalSection(SolutionProperties) = preSolution
		HideSolutionNode = FALSE
	EndGlobalSection
	GlobalSection(ExtensibilityGlobals) = postSolution
		SolutionGuid = {CD928D41-5D31-47E8-9189-EF916CD8AAD3}
	EndGlobalSection
EndGlobal
